// !$*UTF8*$!
{
	archiveVersion = 1;
	classes = {
	};
	objectVersion = 55;
	objects = {

/* Begin PBXBuildFile section */
		C402A85B270C4FFC006E4309 /* ReceptionTableViewCell.swift in Sources */ = {isa = PBXBuildFile; fileRef = C402A85A270C4FFC006E4309 /* ReceptionTableViewCell.swift */; };
		C42194F8270895E1008044A4 /* MainTabBarController.swift in Sources */ = {isa = PBXBuildFile; fileRef = C42194F7270895E1008044A4 /* MainTabBarController.swift */; };
		C42194FA27089DCD008044A4 /* ApplicationViewController.swift in Sources */ = {isa = PBXBuildFile; fileRef = C42194F927089DCD008044A4 /* ApplicationViewController.swift */; };
		C42194FE27089F17008044A4 /* HistoryViewController.swift in Sources */ = {isa = PBXBuildFile; fileRef = C42194FD27089F17008044A4 /* HistoryViewController.swift */; };
		C4784C812709C307002F521F /* ScheduleTableViewCell.swift in Sources */ = {isa = PBXBuildFile; fileRef = C4784C802709C307002F521F /* ScheduleTableViewCell.swift */; };
		C4784C892709C32E002F521F /* UIStackView.swift in Sources */ = {isa = PBXBuildFile; fileRef = C4784C842709C32E002F521F /* UIStackView.swift */; };
		C4784C8A2709C32E002F521F /* UIColor.swift in Sources */ = {isa = PBXBuildFile; fileRef = C4784C852709C32E002F521F /* UIColor.swift */; };
		C4784C8B2709C32E002F521F /* UIFont.swift in Sources */ = {isa = PBXBuildFile; fileRef = C4784C862709C32E002F521F /* UIFont.swift */; };
		C4784C8C2709C32E002F521F /* UILabel.swift in Sources */ = {isa = PBXBuildFile; fileRef = C4784C872709C32E002F521F /* UILabel.swift */; };
		C4784C8D2709C32E002F521F /* UIAlertController.swift in Sources */ = {isa = PBXBuildFile; fileRef = C4784C882709C32E002F521F /* UIAlertController.swift */; };
		C4784C8F2709C3ED002F521F /* ApplicationOptionsTableViewController.swift in Sources */ = {isa = PBXBuildFile; fileRef = C4784C8E2709C3ED002F521F /* ApplicationOptionsTableViewController.swift */; };
		C4784C9B2709CD12002F521F /* TasksTableViewCell.swift in Sources */ = {isa = PBXBuildFile; fileRef = C4784C942709CD12002F521F /* TasksTableViewCell.swift */; };
		C4784C9C2709CD12002F521F /* OptionsTableViewCell.swift in Sources */ = {isa = PBXBuildFile; fileRef = C4784C952709CD12002F521F /* OptionsTableViewCell.swift */; };
		C4784C9D2709CD12002F521F /* ContactsTableViewCell.swift in Sources */ = {isa = PBXBuildFile; fileRef = C4784C972709CD12002F521F /* ContactsTableViewCell.swift */; };
		C4784C9E2709CD12002F521F /* ColorsTableViewCell.swift in Sources */ = {isa = PBXBuildFile; fileRef = C4784C982709CD12002F521F /* ColorsTableViewCell.swift */; };
		C4784C9F2709CD12002F521F /* HeaderOptionsTableViewCell.swift in Sources */ = {isa = PBXBuildFile; fileRef = C4784C992709CD12002F521F /* HeaderOptionsTableViewCell.swift */; };
		C4784CA7270A1566002F521F /* AlertFriendOrTeacher.swift in Sources */ = {isa = PBXBuildFile; fileRef = C4784CA1270A1566002F521F /* AlertFriendOrTeacher.swift */; };
		C4784CA8270A1566002F521F /* AlertPhotoCamera.swift in Sources */ = {isa = PBXBuildFile; fileRef = C4784CA2270A1566002F521F /* AlertPhotoCamera.swift */; };
		C4784CA9270A1566002F521F /* AlertForCellName.swift in Sources */ = {isa = PBXBuildFile; fileRef = C4784CA3270A1566002F521F /* AlertForCellName.swift */; };
		C4784CAA270A1566002F521F /* AlertDate.swift in Sources */ = {isa = PBXBuildFile; fileRef = C4784CA4270A1566002F521F /* AlertDate.swift */; };
		C4784CAB270A1566002F521F /* AlertOk.swift in Sources */ = {isa = PBXBuildFile; fileRef = C4784CA5270A1566002F521F /* AlertOk.swift */; };
		C4784CAC270A1566002F521F /* AlertTime.swift in Sources */ = {isa = PBXBuildFile; fileRef = C4784CA6270A1566002F521F /* AlertTime.swift */; };
		C4784CAE270A184F002F521F /* ReceptionTableViewControllerXZ.swift in Sources */ = {isa = PBXBuildFile; fileRef = C4784CAD270A184F002F521F /* ReceptionTableViewControllerXZ.swift */; };
		C4784CB0270A1A27002F521F /* ReceptionTableViewController.swift in Sources */ = {isa = PBXBuildFile; fileRef = C4784CAF270A1A27002F521F /* ReceptionTableViewController.swift */; };
		C483389A2707193B00E32DDA /* AppDelegate.swift in Sources */ = {isa = PBXBuildFile; fileRef = C48338992707193B00E32DDA /* AppDelegate.swift */; };
		C483389C2707193B00E32DDA /* SceneDelegate.swift in Sources */ = {isa = PBXBuildFile; fileRef = C483389B2707193B00E32DDA /* SceneDelegate.swift */; };
		C48338A32707193D00E32DDA /* Assets.xcassets in Resources */ = {isa = PBXBuildFile; fileRef = C48338A22707193D00E32DDA /* Assets.xcassets */; };
		C48338A62707193D00E32DDA /* LaunchScreen.storyboard in Resources */ = {isa = PBXBuildFile; fileRef = C48338A42707193D00E32DDA /* LaunchScreen.storyboard */; };
		C48338AE27071A6900E32DDA /* LoginViewController.swift in Sources */ = {isa = PBXBuildFile; fileRef = C48338AD27071A6900E32DDA /* LoginViewController.swift */; };
		C48338B02707816C00E32DDA /* RegistrationViewController.swift in Sources */ = {isa = PBXBuildFile; fileRef = C48338AF2707816C00E32DDA /* RegistrationViewController.swift */; };
/* End PBXBuildFile section */

/* Begin PBXFileReference section */
		C402A85A270C4FFC006E4309 /* ReceptionTableViewCell.swift */ = {isa = PBXFileReference; lastKnownFileType = sourcecode.swift; path = ReceptionTableViewCell.swift; sourceTree = "<group>"; };
		C42194F7270895E1008044A4 /* MainTabBarController.swift */ = {isa = PBXFileReference; fileEncoding = 4; lastKnownFileType = sourcecode.swift; path = MainTabBarController.swift; sourceTree = "<group>"; };
		C42194F927089DCD008044A4 /* ApplicationViewController.swift */ = {isa = PBXFileReference; lastKnownFileType = sourcecode.swift; path = ApplicationViewController.swift; sourceTree = "<group>"; };
		C42194FD27089F17008044A4 /* HistoryViewController.swift */ = {isa = PBXFileReference; lastKnownFileType = sourcecode.swift; path = HistoryViewController.swift; sourceTree = "<group>"; };
		C4784C802709C307002F521F /* ScheduleTableViewCell.swift */ = {isa = PBXFileReference; fileEncoding = 4; lastKnownFileType = sourcecode.swift; path = ScheduleTableViewCell.swift; sourceTree = "<group>"; };
		C4784C842709C32E002F521F /* UIStackView.swift */ = {isa = PBXFileReference; fileEncoding = 4; lastKnownFileType = sourcecode.swift; path = UIStackView.swift; sourceTree = "<group>"; };
		C4784C852709C32E002F521F /* UIColor.swift */ = {isa = PBXFileReference; fileEncoding = 4; lastKnownFileType = sourcecode.swift; path = UIColor.swift; sourceTree = "<group>"; };
		C4784C862709C32E002F521F /* UIFont.swift */ = {isa = PBXFileReference; fileEncoding = 4; lastKnownFileType = sourcecode.swift; path = UIFont.swift; sourceTree = "<group>"; };
		C4784C872709C32E002F521F /* UILabel.swift */ = {isa = PBXFileReference; fileEncoding = 4; lastKnownFileType = sourcecode.swift; path = UILabel.swift; sourceTree = "<group>"; };
		C4784C882709C32E002F521F /* UIAlertController.swift */ = {isa = PBXFileReference; fileEncoding = 4; lastKnownFileType = sourcecode.swift; path = UIAlertController.swift; sourceTree = "<group>"; };
		C4784C8E2709C3ED002F521F /* ApplicationOptionsTableViewController.swift */ = {isa = PBXFileReference; fileEncoding = 4; lastKnownFileType = sourcecode.swift; path = ApplicationOptionsTableViewController.swift; sourceTree = "<group>"; };
		C4784C942709CD12002F521F /* TasksTableViewCell.swift */ = {isa = PBXFileReference; fileEncoding = 4; lastKnownFileType = sourcecode.swift; path = TasksTableViewCell.swift; sourceTree = "<group>"; };
		C4784C952709CD12002F521F /* OptionsTableViewCell.swift */ = {isa = PBXFileReference; fileEncoding = 4; lastKnownFileType = sourcecode.swift; path = OptionsTableViewCell.swift; sourceTree = "<group>"; };
		C4784C972709CD12002F521F /* ContactsTableViewCell.swift */ = {isa = PBXFileReference; fileEncoding = 4; lastKnownFileType = sourcecode.swift; path = ContactsTableViewCell.swift; sourceTree = "<group>"; };
		C4784C982709CD12002F521F /* ColorsTableViewCell.swift */ = {isa = PBXFileReference; fileEncoding = 4; lastKnownFileType = sourcecode.swift; path = ColorsTableViewCell.swift; sourceTree = "<group>"; };
		C4784C992709CD12002F521F /* HeaderOptionsTableViewCell.swift */ = {isa = PBXFileReference; fileEncoding = 4; lastKnownFileType = sourcecode.swift; path = HeaderOptionsTableViewCell.swift; sourceTree = "<group>"; };
		C4784CA1270A1566002F521F /* AlertFriendOrTeacher.swift */ = {isa = PBXFileReference; fileEncoding = 4; lastKnownFileType = sourcecode.swift; path = AlertFriendOrTeacher.swift; sourceTree = "<group>"; };
		C4784CA2270A1566002F521F /* AlertPhotoCamera.swift */ = {isa = PBXFileReference; fileEncoding = 4; lastKnownFileType = sourcecode.swift; path = AlertPhotoCamera.swift; sourceTree = "<group>"; };
		C4784CA3270A1566002F521F /* AlertForCellName.swift */ = {isa = PBXFileReference; fileEncoding = 4; lastKnownFileType = sourcecode.swift; path = AlertForCellName.swift; sourceTree = "<group>"; };
		C4784CA4270A1566002F521F /* AlertDate.swift */ = {isa = PBXFileReference; fileEncoding = 4; lastKnownFileType = sourcecode.swift; path = AlertDate.swift; sourceTree = "<group>"; };
		C4784CA5270A1566002F521F /* AlertOk.swift */ = {isa = PBXFileReference; fileEncoding = 4; lastKnownFileType = sourcecode.swift; path = AlertOk.swift; sourceTree = "<group>"; };
		C4784CA6270A1566002F521F /* AlertTime.swift */ = {isa = PBXFileReference; fileEncoding = 4; lastKnownFileType = sourcecode.swift; path = AlertTime.swift; sourceTree = "<group>"; };
		C4784CAD270A184F002F521F /* ReceptionTableViewControllerXZ.swift */ = {isa = PBXFileReference; lastKnownFileType = sourcecode.swift; path = ReceptionTableViewControllerXZ.swift; sourceTree = "<group>"; };
		C4784CAF270A1A27002F521F /* ReceptionTableViewController.swift */ = {isa = PBXFileReference; fileEncoding = 4; lastKnownFileType = sourcecode.swift; path = ReceptionTableViewController.swift; sourceTree = "<group>"; };
		C48338962707193B00E32DDA /* application.app */ = {isa = PBXFileReference; explicitFileType = wrapper.application; includeInIndex = 0; path = application.app; sourceTree = BUILT_PRODUCTS_DIR; };
		C48338992707193B00E32DDA /* AppDelegate.swift */ = {isa = PBXFileReference; lastKnownFileType = sourcecode.swift; path = AppDelegate.swift; sourceTree = "<group>"; };
		C483389B2707193B00E32DDA /* SceneDelegate.swift */ = {isa = PBXFileReference; lastKnownFileType = sourcecode.swift; path = SceneDelegate.swift; sourceTree = "<group>"; };
		C48338A22707193D00E32DDA /* Assets.xcassets */ = {isa = PBXFileReference; lastKnownFileType = folder.assetcatalog; path = Assets.xcassets; sourceTree = "<group>"; };
		C48338A52707193D00E32DDA /* Base */ = {isa = PBXFileReference; lastKnownFileType = file.storyboard; name = Base; path = Base.lproj/LaunchScreen.storyboard; sourceTree = "<group>"; };
		C48338A72707193D00E32DDA /* Info.plist */ = {isa = PBXFileReference; lastKnownFileType = text.plist.xml; path = Info.plist; sourceTree = "<group>"; };
		C48338AD27071A6900E32DDA /* LoginViewController.swift */ = {isa = PBXFileReference; lastKnownFileType = sourcecode.swift; path = LoginViewController.swift; sourceTree = "<group>"; };
		C48338AF2707816C00E32DDA /* RegistrationViewController.swift */ = {isa = PBXFileReference; lastKnownFileType = sourcecode.swift; path = RegistrationViewController.swift; sourceTree = "<group>"; };
/* End PBXFileReference section */

/* Begin PBXFrameworksBuildPhase section */
		C48338932707193B00E32DDA /* Frameworks */ = {
			isa = PBXFrameworksBuildPhase;
			buildActionMask = 2147483647;
			files = (
			);
			runOnlyForDeploymentPostprocessing = 0;
		};
/* End PBXFrameworksBuildPhase section */

/* Begin PBXGroup section */
		C42194FF27089F1F008044A4 /* Controller  */ = {
			isa = PBXGroup;
			children = (
				C48338AD27071A6900E32DDA /* LoginViewController.swift */,
				C48338AF2707816C00E32DDA /* RegistrationViewController.swift */,
				C42194F7270895E1008044A4 /* MainTabBarController.swift */,
				C421950127089F5B008044A4 /* Application */,
				C421950227089F77008044A4 /* Reception */,
				C421950327089F92008044A4 /* History */,
			);
			path = "Controller ";
			sourceTree = "<group>";
		};
		C421950027089F47008044A4 /* Application */ = {
			isa = PBXGroup;
			children = (
				C48338992707193B00E32DDA /* AppDelegate.swift */,
				C483389B2707193B00E32DDA /* SceneDelegate.swift */,
			);
			path = Application;
			sourceTree = "<group>";
		};
		C421950127089F5B008044A4 /* Application */ = {
			isa = PBXGroup;
			children = (
				C42194F927089DCD008044A4 /* ApplicationViewController.swift */,
				C4784C8E2709C3ED002F521F /* ApplicationOptionsTableViewController.swift */,
			);
			path = Application;
			sourceTree = "<group>";
		};
		C421950227089F77008044A4 /* Reception */ = {
			isa = PBXGroup;
			children = (
				C4784CAD270A184F002F521F /* ReceptionTableViewControllerXZ.swift */,
				C4784CAF270A1A27002F521F /* ReceptionTableViewController.swift */,
			);
			path = Reception;
			sourceTree = "<group>";
		};
		C421950327089F92008044A4 /* History */ = {
			isa = PBXGroup;
			children = (
				C42194FD27089F17008044A4 /* HistoryViewController.swift */,
			);
			path = History;
			sourceTree = "<group>";
		};
		C4784C822709C32E002F521F /* Extensions */ = {
			isa = PBXGroup;
			children = (
				C4784C832709C32E002F521F /* UIKit */,
			);
			path = Extensions;
			sourceTree = "<group>";
		};
		C4784C832709C32E002F521F /* UIKit */ = {
			isa = PBXGroup;
			children = (
				C4784C842709C32E002F521F /* UIStackView.swift */,
				C4784C852709C32E002F521F /* UIColor.swift */,
				C4784C862709C32E002F521F /* UIFont.swift */,
				C4784C872709C32E002F521F /* UILabel.swift */,
				C4784C882709C32E002F521F /* UIAlertController.swift */,
			);
			path = UIKit;
			sourceTree = "<group>";
		};
		C4784C902709CD12002F521F /* Cell */ = {
			isa = PBXGroup;
			children = (
				C4784C952709CD12002F521F /* OptionsTableViewCell.swift */,
				C4784C912709CD12002F521F /* Application */,
				C4784C932709CD12002F521F /* Reception */,
				C4784C962709CD12002F521F /* Contacts */,
				C4784C982709CD12002F521F /* ColorsTableViewCell.swift */,
				C4784C992709CD12002F521F /* HeaderOptionsTableViewCell.swift */,
			);
			path = Cell;
			sourceTree = "<group>";
		};
		C4784C912709CD12002F521F /* Application */ = {
			isa = PBXGroup;
			children = (
				C4784C802709C307002F521F /* ScheduleTableViewCell.swift */,
			);
			path = Application;
			sourceTree = "<group>";
		};
		C4784C932709CD12002F521F /* Reception */ = {
			isa = PBXGroup;
			children = (
				C4784C942709CD12002F521F /* TasksTableViewCell.swift */,
				C402A85A270C4FFC006E4309 /* ReceptionTableViewCell.swift */,
			);
			path = Reception;
			sourceTree = "<group>";
		};
		C4784C962709CD12002F521F /* Contacts */ = {
			isa = PBXGroup;
			children = (
				C4784C972709CD12002F521F /* ContactsTableViewCell.swift */,
			);
			path = Contacts;
			sourceTree = "<group>";
		};
		C4784CA0270A1566002F521F /* Alert */ = {
			isa = PBXGroup;
			children = (
				C4784CA1270A1566002F521F /* AlertFriendOrTeacher.swift */,
				C4784CA2270A1566002F521F /* AlertPhotoCamera.swift */,
				C4784CA3270A1566002F521F /* AlertForCellName.swift */,
				C4784CA4270A1566002F521F /* AlertDate.swift */,
				C4784CA5270A1566002F521F /* AlertOk.swift */,
				C4784CA6270A1566002F521F /* AlertTime.swift */,
			);
			path = Alert;
			sourceTree = "<group>";
		};
		C483388D2707193B00E32DDA = {
			isa = PBXGroup;
			children = (
				C48338982707193B00E32DDA /* application */,
				C48338972707193B00E32DDA /* Products */,
			);
			sourceTree = "<group>";
		};
		C48338972707193B00E32DDA /* Products */ = {
			isa = PBXGroup;
			children = (
				C48338962707193B00E32DDA /* application.app */,
			);
			name = Products;
			sourceTree = "<group>";
		};
		C48338982707193B00E32DDA /* application */ = {
			isa = PBXGroup;
			children = (
				C4784CA0270A1566002F521F /* Alert */,
				C421950027089F47008044A4 /* Application */,
				C42194FF27089F1F008044A4 /* Controller  */,
				C4784C822709C32E002F521F /* Extensions */,
				C4784C902709CD12002F521F /* Cell */,
				C48338A22707193D00E32DDA /* Assets.xcassets */,
				C48338A42707193D00E32DDA /* LaunchScreen.storyboard */,
				C48338A72707193D00E32DDA /* Info.plist */,
			);
			path = application;
			sourceTree = "<group>";
		};
/* End PBXGroup section */

/* Begin PBXNativeTarget section */
		C48338952707193B00E32DDA /* application */ = {
			isa = PBXNativeTarget;
			buildConfigurationList = C48338AA2707193D00E32DDA /* Build configuration list for PBXNativeTarget "application" */;
			buildPhases = (
				C48338922707193B00E32DDA /* Sources */,
				C48338932707193B00E32DDA /* Frameworks */,
				C48338942707193B00E32DDA /* Resources */,
			);
			buildRules = (
			);
			dependencies = (
			);
			name = application;
			productName = application;
			productReference = C48338962707193B00E32DDA /* application.app */;
			productType = "com.apple.product-type.application";
		};
/* End PBXNativeTarget section */

/* Begin PBXProject section */
		C483388E2707193B00E32DDA /* Project object */ = {
			isa = PBXProject;
			attributes = {
				BuildIndependentTargetsInParallel = 1;
				LastSwiftUpdateCheck = 1300;
				LastUpgradeCheck = 1300;
				TargetAttributes = {
					C48338952707193B00E32DDA = {
						CreatedOnToolsVersion = 13.0;
					};
				};
			};
			buildConfigurationList = C48338912707193B00E32DDA /* Build configuration list for PBXProject "application" */;
			compatibilityVersion = "Xcode 13.0";
			developmentRegion = en;
			hasScannedForEncodings = 0;
			knownRegions = (
				en,
				Base,
			);
			mainGroup = C483388D2707193B00E32DDA;
			productRefGroup = C48338972707193B00E32DDA /* Products */;
			projectDirPath = "";
			projectRoot = "";
			targets = (
				C48338952707193B00E32DDA /* application */,
			);
		};
/* End PBXProject section */

/* Begin PBXResourcesBuildPhase section */
		C48338942707193B00E32DDA /* Resources */ = {
			isa = PBXResourcesBuildPhase;
			buildActionMask = 2147483647;
			files = (
				C48338A62707193D00E32DDA /* LaunchScreen.storyboard in Resources */,
				C48338A32707193D00E32DDA /* Assets.xcassets in Resources */,
			);
			runOnlyForDeploymentPostprocessing = 0;
		};
/* End PBXResourcesBuildPhase section */

/* Begin PBXSourcesBuildPhase section */
		C48338922707193B00E32DDA /* Sources */ = {
			isa = PBXSourcesBuildPhase;
			buildActionMask = 2147483647;
			files = (
				C48338AE27071A6900E32DDA /* LoginViewController.swift in Sources */,
				C4784C8C2709C32E002F521F /* UILabel.swift in Sources */,
				C4784CAB270A1566002F521F /* AlertOk.swift in Sources */,
				C402A85B270C4FFC006E4309 /* ReceptionTableViewCell.swift in Sources */,
				C4784CA8270A1566002F521F /* AlertPhotoCamera.swift in Sources */,
				C483389A2707193B00E32DDA /* AppDelegate.swift in Sources */,
				C4784CAE270A184F002F521F /* ReceptionTableViewControllerXZ.swift in Sources */,
				C42194F8270895E1008044A4 /* MainTabBarController.swift in Sources */,
				C4784C9B2709CD12002F521F /* TasksTableViewCell.swift in Sources */,
				C48338B02707816C00E32DDA /* RegistrationViewController.swift in Sources */,
				C4784CAC270A1566002F521F /* AlertTime.swift in Sources */,
				C4784CB0270A1A27002F521F /* ReceptionTableViewController.swift in Sources */,
				C483389C2707193B00E32DDA /* SceneDelegate.swift in Sources */,
				C4784C9E2709CD12002F521F /* ColorsTableViewCell.swift in Sources */,
				C4784C9F2709CD12002F521F /* HeaderOptionsTableViewCell.swift in Sources */,
				C42194FA27089DCD008044A4 /* ApplicationViewController.swift in Sources */,
				C4784C9D2709CD12002F521F /* ContactsTableViewCell.swift in Sources */,
				C4784C8A2709C32E002F521F /* UIColor.swift in Sources */,
				C4784CA9270A1566002F521F /* AlertForCellName.swift in Sources */,
				C4784C8F2709C3ED002F521F /* ApplicationOptionsTableViewController.swift in Sources */,
				C4784CAA270A1566002F521F /* AlertDate.swift in Sources */,
				C4784C8B2709C32E002F521F /* UIFont.swift in Sources */,
				C4784C8D2709C32E002F521F /* UIAlertController.swift in Sources */,
				C4784C9C2709CD12002F521F /* OptionsTableViewCell.swift in Sources */,
				C4784CA7270A1566002F521F /* AlertFriendOrTeacher.swift in Sources */,
				C4784C892709C32E002F521F /* UIStackView.swift in Sources */,
				C42194FE27089F17008044A4 /* HistoryViewController.swift in Sources */,
				C4784C812709C307002F521F /* ScheduleTableViewCell.swift in Sources */,
			);
			runOnlyForDeploymentPostprocessing = 0;
		};
/* End PBXSourcesBuildPhase section */

/* Begin PBXVariantGroup section */
		C48338A42707193D00E32DDA /* LaunchScreen.storyboard */ = {
			isa = PBXVariantGroup;
			children = (
				C48338A52707193D00E32DDA /* Base */,
			);
			name = LaunchScreen.storyboard;
			sourceTree = "<group>";
		};
/* End PBXVariantGroup section */

/* Begin XCBuildConfiguration section */
		C48338A82707193D00E32DDA /* Debug */ = {
			isa = XCBuildConfiguration;
			buildSettings = {
				ALWAYS_SEARCH_USER_PATHS = NO;
				CLANG_ANALYZER_NONNULL = YES;
				CLANG_ANALYZER_NUMBER_OBJECT_CONVERSION = YES_AGGRESSIVE;
				CLANG_CXX_LANGUAGE_STANDARD = "gnu++17";
				CLANG_CXX_LIBRARY = "libc++";
				CLANG_ENABLE_MODULES = YES;
				CLANG_ENABLE_OBJC_ARC = YES;
				CLANG_ENABLE_OBJC_WEAK = YES;
				CLANG_WARN_BLOCK_CAPTURE_AUTORELEASING = YES;
				CLANG_WARN_BOOL_CONVERSION = YES;
				CLANG_WARN_COMMA = YES;
				CLANG_WARN_CONSTANT_CONVERSION = YES;
				CLANG_WARN_DEPRECATED_OBJC_IMPLEMENTATIONS = YES;
				CLANG_WARN_DIRECT_OBJC_ISA_USAGE = YES_ERROR;
				CLANG_WARN_DOCUMENTATION_COMMENTS = YES;
				CLANG_WARN_EMPTY_BODY = YES;
				CLANG_WARN_ENUM_CONVERSION = YES;
				CLANG_WARN_INFINITE_RECURSION = YES;
				CLANG_WARN_INT_CONVERSION = YES;
				CLANG_WARN_NON_LITERAL_NULL_CONVERSION = YES;
				CLANG_WARN_OBJC_IMPLICIT_RETAIN_SELF = YES;
				CLANG_WARN_OBJC_LITERAL_CONVERSION = YES;
				CLANG_WARN_OBJC_ROOT_CLASS = YES_ERROR;
				CLANG_WARN_QUOTED_INCLUDE_IN_FRAMEWORK_HEADER = YES;
				CLANG_WARN_RANGE_LOOP_ANALYSIS = YES;
				CLANG_WARN_STRICT_PROTOTYPES = YES;
				CLANG_WARN_SUSPICIOUS_MOVE = YES;
				CLANG_WARN_UNGUARDED_AVAILABILITY = YES_AGGRESSIVE;
				CLANG_WARN_UNREACHABLE_CODE = YES;
				CLANG_WARN__DUPLICATE_METHOD_MATCH = YES;
				COPY_PHASE_STRIP = NO;
				DEBUG_INFORMATION_FORMAT = dwarf;
				ENABLE_STRICT_OBJC_MSGSEND = YES;
				ENABLE_TESTABILITY = YES;
				GCC_C_LANGUAGE_STANDARD = gnu11;
				GCC_DYNAMIC_NO_PIC = NO;
				GCC_NO_COMMON_BLOCKS = YES;
				GCC_OPTIMIZATION_LEVEL = 0;
				GCC_PREPROCESSOR_DEFINITIONS = (
					"DEBUG=1",
					"$(inherited)",
				);
				GCC_WARN_64_TO_32_BIT_CONVERSION = YES;
				GCC_WARN_ABOUT_RETURN_TYPE = YES_ERROR;
				GCC_WARN_UNDECLARED_SELECTOR = YES;
				GCC_WARN_UNINITIALIZED_AUTOS = YES_AGGRESSIVE;
				GCC_WARN_UNUSED_FUNCTION = YES;
				GCC_WARN_UNUSED_VARIABLE = YES;
				IPHONEOS_DEPLOYMENT_TARGET = 15.0;
				MTL_ENABLE_DEBUG_INFO = INCLUDE_SOURCE;
				MTL_FAST_MATH = YES;
				ONLY_ACTIVE_ARCH = YES;
				SDKROOT = iphoneos;
				SWIFT_ACTIVE_COMPILATION_CONDITIONS = DEBUG;
				SWIFT_OPTIMIZATION_LEVEL = "-Onone";
			};
			name = Debug;
		};
		C48338A92707193D00E32DDA /* Release */ = {
			isa = XCBuildConfiguration;
			buildSettings = {
				ALWAYS_SEARCH_USER_PATHS = NO;
				CLANG_ANALYZER_NONNULL = YES;
				CLANG_ANALYZER_NUMBER_OBJECT_CONVERSION = YES_AGGRESSIVE;
				CLANG_CXX_LANGUAGE_STANDARD = "gnu++17";
				CLANG_CXX_LIBRARY = "libc++";
				CLANG_ENABLE_MODULES = YES;
				CLANG_ENABLE_OBJC_ARC = YES;
				CLANG_ENABLE_OBJC_WEAK = YES;
				CLANG_WARN_BLOCK_CAPTURE_AUTORELEASING = YES;
				CLANG_WARN_BOOL_CONVERSION = YES;
				CLANG_WARN_COMMA = YES;
				CLANG_WARN_CONSTANT_CONVERSION = YES;
				CLANG_WARN_DEPRECATED_OBJC_IMPLEMENTATIONS = YES;
				CLANG_WARN_DIRECT_OBJC_ISA_USAGE = YES_ERROR;
				CLANG_WARN_DOCUMENTATION_COMMENTS = YES;
				CLANG_WARN_EMPTY_BODY = YES;
				CLANG_WARN_ENUM_CONVERSION = YES;
				CLANG_WARN_INFINITE_RECURSION = YES;
				CLANG_WARN_INT_CONVERSION = YES;
				CLANG_WARN_NON_LITERAL_NULL_CONVERSION = YES;
				CLANG_WARN_OBJC_IMPLICIT_RETAIN_SELF = YES;
				CLANG_WARN_OBJC_LITERAL_CONVERSION = YES;
				CLANG_WARN_OBJC_ROOT_CLASS = YES_ERROR;
				CLANG_WARN_QUOTED_INCLUDE_IN_FRAMEWORK_HEADER = YES;
				CLANG_WARN_RANGE_LOOP_ANALYSIS = YES;
				CLANG_WARN_STRICT_PROTOTYPES = YES;
				CLANG_WARN_SUSPICIOUS_MOVE = YES;
				CLANG_WARN_UNGUARDED_AVAILABILITY = YES_AGGRESSIVE;
				CLANG_WARN_UNREACHABLE_CODE = YES;
				CLANG_WARN__DUPLICATE_METHOD_MATCH = YES;
				COPY_PHASE_STRIP = NO;
				DEBUG_INFORMATION_FORMAT = "dwarf-with-dsym";
				ENABLE_NS_ASSERTIONS = NO;
				ENABLE_STRICT_OBJC_MSGSEND = YES;
				GCC_C_LANGUAGE_STANDARD = gnu11;
				GCC_NO_COMMON_BLOCKS = YES;
				GCC_WARN_64_TO_32_BIT_CONVERSION = YES;
				GCC_WARN_ABOUT_RETURN_TYPE = YES_ERROR;
				GCC_WARN_UNDECLARED_SELECTOR = YES;
				GCC_WARN_UNINITIALIZED_AUTOS = YES_AGGRESSIVE;
				GCC_WARN_UNUSED_FUNCTION = YES;
				GCC_WARN_UNUSED_VARIABLE = YES;
				IPHONEOS_DEPLOYMENT_TARGET = 15.0;
				MTL_ENABLE_DEBUG_INFO = NO;
				MTL_FAST_MATH = YES;
				SDKROOT = iphoneos;
				SWIFT_COMPILATION_MODE = wholemodule;
				SWIFT_OPTIMIZATION_LEVEL = "-O";
				VALIDATE_PRODUCT = YES;
			};
			name = Release;
		};
		C48338AB2707193D00E32DDA /* Debug */ = {
			isa = XCBuildConfiguration;
			buildSettings = {
				ASSETCATALOG_COMPILER_APPICON_NAME = AppIcon;
				ASSETCATALOG_COMPILER_GLOBAL_ACCENT_COLOR_NAME = AccentColor;
				CODE_SIGN_STYLE = Automatic;
				CURRENT_PROJECT_VERSION = 1;
				GENERATE_INFOPLIST_FILE = YES;
				INFOPLIST_FILE = application/Info.plist;
				INFOPLIST_KEY_UIApplicationSupportsIndirectInputEvents = YES;
				INFOPLIST_KEY_UILaunchStoryboardName = LaunchScreen;
				INFOPLIST_KEY_UISupportedInterfaceOrientations_iPad = "UIInterfaceOrientationPortrait UIInterfaceOrientationPortraitUpsideDown UIInterfaceOrientationLandscapeLeft UIInterfaceOrientationLandscapeRight";
				INFOPLIST_KEY_UISupportedInterfaceOrientations_iPhone = "UIInterfaceOrientationPortrait UIInterfaceOrientationLandscapeLeft UIInterfaceOrientationLandscapeRight";
				IPHONEOS_DEPLOYMENT_TARGET = 13.4;
				LD_RUNPATH_SEARCH_PATHS = (
					"$(inherited)",
					"@executable_path/Frameworks",
				);
				MARKETING_VERSION = 1.0;
				PRODUCT_BUNDLE_IDENTIFIER = Samchenko.application;
				PRODUCT_NAME = "$(TARGET_NAME)";
				SWIFT_EMIT_LOC_STRINGS = YES;
				SWIFT_VERSION = 5.0;
				TARGETED_DEVICE_FAMILY = 1;
			};
			name = Debug;
		};
		C48338AC2707193D00E32DDA /* Release */ = {
			isa = XCBuildConfiguration;
			buildSettings = {
				ASSETCATALOG_COMPILER_APPICON_NAME = AppIcon;
				ASSETCATALOG_COMPILER_GLOBAL_ACCENT_COLOR_NAME = AccentColor;
				CODE_SIGN_STYLE = Automatic;
				CURRENT_PROJECT_VERSION = 1;
				GENERATE_INFOPLIST_FILE = YES;
				INFOPLIST_FILE = application/Info.plist;
				INFOPLIST_KEY_UIApplicationSupportsIndirectInputEvents = YES;
				INFOPLIST_KEY_UILaunchStoryboardName = LaunchScreen;
				INFOPLIST_KEY_UISupportedInterfaceOrientations_iPad = "UIInterfaceOrientationPortrait UIInterfaceOrientationPortraitUpsideDown UIInterfaceOrientationLandscapeLeft UIInterfaceOrientationLandscapeRight";
				INFOPLIST_KEY_UISupportedInterfaceOrientations_iPhone = "UIInterfaceOrientationPortrait UIInterfaceOrientationLandscapeLeft UIInterfaceOrientationLandscapeRight";
				IPHONEOS_DEPLOYMENT_TARGET = 13.4;
				LD_RUNPATH_SEARCH_PATHS = (
					"$(inherited)",
					"@executable_path/Frameworks",
				);
				MARKETING_VERSION = 1.0;
				PRODUCT_BUNDLE_IDENTIFIER = Samchenko.application;
				PRODUCT_NAME = "$(TARGET_NAME)";
				SWIFT_EMIT_LOC_STRINGS = YES;
				SWIFT_VERSION = 5.0;
				TARGETED_DEVICE_FAMILY = 1;
			};
			name = Release;
		};
/* End XCBuildConfiguration section */

/* Begin XCConfigurationList section */
		C48338912707193B00E32DDA /* Build configuration list for PBXProject "application" */ = {
			isa = XCConfigurationList;
			buildConfigurations = (
				C48338A82707193D00E32DDA /* Debug */,
				C48338A92707193D00E32DDA /* Release */,
			);
			defaultConfigurationIsVisible = 0;
			defaultConfigurationName = Release;
		};
		C48338AA2707193D00E32DDA /* Build configuration list for PBXNativeTarget "application" */ = {
			isa = XCConfigurationList;
			buildConfigurations = (
				C48338AB2707193D00E32DDA /* Debug */,
				C48338AC2707193D00E32DDA /* Release */,
			);
			defaultConfigurationIsVisible = 0;
			defaultConfigurationName = Release;
		};
/* End XCConfigurationList section */
	};
	rootObject = C483388E2707193B00E32DDA /* Project object */;
}
